// !$*UTF8*$!
{
	archiveVersion = 1;
	classes = {
	};
	objectVersion = 50;
	objects = {

/* Begin PBXBuildFile section */
		505F308621135665000B61FE /* AppDelegate.swift in Sources */ = {isa = PBXBuildFile; fileRef = 505F308521135665000B61FE /* AppDelegate.swift */; };
		505F308821135665000B61FE /* UserViewController.swift in Sources */ = {isa = PBXBuildFile; fileRef = 505F308721135665000B61FE /* UserViewController.swift */; };
		505F308B21135665000B61FE /* Main.storyboard in Resources */ = {isa = PBXBuildFile; fileRef = 505F308921135665000B61FE /* Main.storyboard */; };
		505F308D21135665000B61FE /* Assets.xcassets in Resources */ = {isa = PBXBuildFile; fileRef = 505F308C21135665000B61FE /* Assets.xcassets */; };
		505F309021135665000B61FE /* LaunchScreen.storyboard in Resources */ = {isa = PBXBuildFile; fileRef = 505F308E21135665000B61FE /* LaunchScreen.storyboard */; };
		505F30992113580E000B61FE /* RealmSwift.framework in Frameworks */ = {isa = PBXBuildFile; fileRef = 505F30982113580E000B61FE /* RealmSwift.framework */; };
		505F309B21135812000B61FE /* Realm.framework in Frameworks */ = {isa = PBXBuildFile; fileRef = 505F309A21135812000B61FE /* Realm.framework */; };
		505F309E21135CFC000B61FE /* Apollo.framework in Frameworks */ = {isa = PBXBuildFile; fileRef = 505F309D21135CFC000B61FE /* Apollo.framework */; };
		505F30A721135F1A000B61FE /* UserViewController.graphql in Resources */ = {isa = PBXBuildFile; fileRef = 505F30A421135F14000B61FE /* UserViewController.graphql */; };
		505F30A821135F1A000B61FE /* PullRequestViewController.graphql in Resources */ = {isa = PBXBuildFile; fileRef = 505F30A521135F17000B61FE /* PullRequestViewController.graphql */; };
		505F30A921135F1A000B61FE /* PullRequestsViewController.graphql in Resources */ = {isa = PBXBuildFile; fileRef = 505F30A621135F1A000B61FE /* PullRequestsViewController.graphql */; };
		505F30AE21136A14000B61FE /* UserViewController+GraphQLClient.swift in Sources */ = {isa = PBXBuildFile; fileRef = 505F30AD21136A14000B61FE /* UserViewController+GraphQLClient.swift */; };
		505F30B221136A5B000B61FE /* RepositoryViewCell.swift in Sources */ = {isa = PBXBuildFile; fileRef = 505F30B121136A5B000B61FE /* RepositoryViewCell.swift */; };
		505F30B421136A6C000B61FE /* HeaderViewCell.swift in Sources */ = {isa = PBXBuildFile; fileRef = 505F30B321136A6C000B61FE /* HeaderViewCell.swift */; };
		505F30B621136A87000B61FE /* PullRequestViewCell.swift in Sources */ = {isa = PBXBuildFile; fileRef = 505F30B521136A87000B61FE /* PullRequestViewCell.swift */; };
		505F30B821136AAD000B61FE /* RepositoryViewController.swift in Sources */ = {isa = PBXBuildFile; fileRef = 505F30B721136AAD000B61FE /* RepositoryViewController.swift */; };
		505F30BA21136AC6000B61FE /* PullRequestViewController.swift in Sources */ = {isa = PBXBuildFile; fileRef = 505F30B921136AC5000B61FE /* PullRequestViewController.swift */; };
		505F30BC21136AE0000B61FE /* Repository.swift in Sources */ = {isa = PBXBuildFile; fileRef = 505F30BB21136AE0000B61FE /* Repository.swift */; };
		505F30BE21136AFF000B61FE /* PullRequest.swift in Sources */ = {isa = PBXBuildFile; fileRef = 505F30BD21136AFF000B61FE /* PullRequest.swift */; };
		505F30C021136B1B000B61FE /* RealmRepository.swift in Sources */ = {isa = PBXBuildFile; fileRef = 505F30BF21136B1B000B61FE /* RealmRepository.swift */; };
		505F30C221136B2F000B61FE /* RealmPullRequest.swift in Sources */ = {isa = PBXBuildFile; fileRef = 505F30C121136B2F000B61FE /* RealmPullRequest.swift */; };
		505F30C421136B4B000B61FE /* LastDownloadedRepositoryID.swift in Sources */ = {isa = PBXBuildFile; fileRef = 505F30C321136B4B000B61FE /* LastDownloadedRepositoryID.swift */; };
		505F30C621136B65000B61FE /* LastDownloadedPullReuqestID.swift in Sources */ = {isa = PBXBuildFile; fileRef = 505F30C521136B65000B61FE /* LastDownloadedPullReuqestID.swift */; };
		505F30C821136B9F000B61FE /* API.swift in Sources */ = {isa = PBXBuildFile; fileRef = 505F30C721136B9F000B61FE /* API.swift */; };
		505F30D121136D79000B61FE /* LoadingViewCell.swift in Sources */ = {isa = PBXBuildFile; fileRef = 505F30D021136D79000B61FE /* LoadingViewCell.swift */; };
		505F30D3211373BD000B61FE /* RepositoryViewController+GraphQLClient.swift in Sources */ = {isa = PBXBuildFile; fileRef = 505F30D2211373BD000B61FE /* RepositoryViewController+GraphQLClient.swift */; };
		505F30D521138218000B61FE /* PullRequestView.swift in Sources */ = {isa = PBXBuildFile; fileRef = 505F30D421138218000B61FE /* PullRequestView.swift */; };
		505F30D721138236000B61FE /* ColorPickerForLanguage.swift in Sources */ = {isa = PBXBuildFile; fileRef = 505F30D621138236000B61FE /* ColorPickerForLanguage.swift */; };
/* End PBXBuildFile section */

/* Begin PBXFileReference section */
		505F308221135665000B61FE /* GitHub.app */ = {isa = PBXFileReference; explicitFileType = wrapper.application; includeInIndex = 0; path = GitHub.app; sourceTree = BUILT_PRODUCTS_DIR; };
		505F308521135665000B61FE /* AppDelegate.swift */ = {isa = PBXFileReference; lastKnownFileType = sourcecode.swift; path = AppDelegate.swift; sourceTree = "<group>"; };
		505F308721135665000B61FE /* UserViewController.swift */ = {isa = PBXFileReference; lastKnownFileType = sourcecode.swift; path = UserViewController.swift; sourceTree = "<group>"; };
		505F308A21135665000B61FE /* Base */ = {isa = PBXFileReference; lastKnownFileType = file.storyboard; name = Base; path = Base.lproj/Main.storyboard; sourceTree = "<group>"; };
		505F308C21135665000B61FE /* Assets.xcassets */ = {isa = PBXFileReference; lastKnownFileType = folder.assetcatalog; path = Assets.xcassets; sourceTree = "<group>"; };
		505F308F21135665000B61FE /* Base */ = {isa = PBXFileReference; lastKnownFileType = file.storyboard; name = Base; path = Base.lproj/LaunchScreen.storyboard; sourceTree = "<group>"; };
		505F309121135665000B61FE /* Info.plist */ = {isa = PBXFileReference; lastKnownFileType = text.plist.xml; path = Info.plist; sourceTree = "<group>"; };
		505F30982113580E000B61FE /* RealmSwift.framework */ = {isa = PBXFileReference; lastKnownFileType = wrapper.framework; name = RealmSwift.framework; path = Carthage/Build/iOS/RealmSwift.framework; sourceTree = "<group>"; };
		505F309A21135812000B61FE /* Realm.framework */ = {isa = PBXFileReference; lastKnownFileType = wrapper.framework; name = Realm.framework; path = Carthage/Build/iOS/Realm.framework; sourceTree = "<group>"; };
		505F309D21135CFC000B61FE /* Apollo.framework */ = {isa = PBXFileReference; lastKnownFileType = wrapper.framework; name = Apollo.framework; path = Carthage/Build/iOS/Apollo.framework; sourceTree = "<group>"; };
		505F30A421135F14000B61FE /* UserViewController.graphql */ = {isa = PBXFileReference; fileEncoding = 4; lastKnownFileType = text; path = UserViewController.graphql; sourceTree = "<group>"; };
		505F30A521135F17000B61FE /* PullRequestViewController.graphql */ = {isa = PBXFileReference; fileEncoding = 4; lastKnownFileType = text; path = PullRequestViewController.graphql; sourceTree = "<group>"; };
		505F30A621135F1A000B61FE /* PullRequestsViewController.graphql */ = {isa = PBXFileReference; fileEncoding = 4; lastKnownFileType = text; path = PullRequestsViewController.graphql; sourceTree = "<group>"; };
		505F30AD21136A14000B61FE /* UserViewController+GraphQLClient.swift */ = {isa = PBXFileReference; lastKnownFileType = sourcecode.swift; path = "UserViewController+GraphQLClient.swift"; sourceTree = "<group>"; };
		505F30B121136A5B000B61FE /* RepositoryViewCell.swift */ = {isa = PBXFileReference; lastKnownFileType = sourcecode.swift; path = RepositoryViewCell.swift; sourceTree = "<group>"; };
		505F30B321136A6C000B61FE /* HeaderViewCell.swift */ = {isa = PBXFileReference; lastKnownFileType = sourcecode.swift; path = HeaderViewCell.swift; sourceTree = "<group>"; };
		505F30B521136A87000B61FE /* PullRequestViewCell.swift */ = {isa = PBXFileReference; lastKnownFileType = sourcecode.swift; path = PullRequestViewCell.swift; sourceTree = "<group>"; };
		505F30B721136AAD000B61FE /* RepositoryViewController.swift */ = {isa = PBXFileReference; lastKnownFileType = sourcecode.swift; path = RepositoryViewController.swift; sourceTree = "<group>"; };
		505F30B921136AC5000B61FE /* PullRequestViewController.swift */ = {isa = PBXFileReference; lastKnownFileType = sourcecode.swift; path = PullRequestViewController.swift; sourceTree = "<group>"; };
		505F30BB21136AE0000B61FE /* Repository.swift */ = {isa = PBXFileReference; lastKnownFileType = sourcecode.swift; path = Repository.swift; sourceTree = "<group>"; };
		505F30BD21136AFF000B61FE /* PullRequest.swift */ = {isa = PBXFileReference; lastKnownFileType = sourcecode.swift; path = PullRequest.swift; sourceTree = "<group>"; };
		505F30BF21136B1B000B61FE /* RealmRepository.swift */ = {isa = PBXFileReference; lastKnownFileType = sourcecode.swift; path = RealmRepository.swift; sourceTree = "<group>"; };
		505F30C121136B2F000B61FE /* RealmPullRequest.swift */ = {isa = PBXFileReference; lastKnownFileType = sourcecode.swift; path = RealmPullRequest.swift; sourceTree = "<group>"; };
		505F30C321136B4B000B61FE /* LastDownloadedRepositoryID.swift */ = {isa = PBXFileReference; lastKnownFileType = sourcecode.swift; path = LastDownloadedRepositoryID.swift; sourceTree = "<group>"; };
		505F30C521136B65000B61FE /* LastDownloadedPullReuqestID.swift */ = {isa = PBXFileReference; lastKnownFileType = sourcecode.swift; path = LastDownloadedPullReuqestID.swift; sourceTree = "<group>"; };
		505F30C721136B9F000B61FE /* API.swift */ = {isa = PBXFileReference; fileEncoding = 4; lastKnownFileType = sourcecode.swift; path = API.swift; sourceTree = "<group>"; };
		505F30D021136D79000B61FE /* LoadingViewCell.swift */ = {isa = PBXFileReference; lastKnownFileType = sourcecode.swift; path = LoadingViewCell.swift; sourceTree = "<group>"; };
		505F30D2211373BD000B61FE /* RepositoryViewController+GraphQLClient.swift */ = {isa = PBXFileReference; lastKnownFileType = sourcecode.swift; path = "RepositoryViewController+GraphQLClient.swift"; sourceTree = "<group>"; };
		505F30D421138218000B61FE /* PullRequestView.swift */ = {isa = PBXFileReference; fileEncoding = 4; lastKnownFileType = sourcecode.swift; path = PullRequestView.swift; sourceTree = "<group>"; };
		505F30D621138236000B61FE /* ColorPickerForLanguage.swift */ = {isa = PBXFileReference; fileEncoding = 4; lastKnownFileType = sourcecode.swift; path = ColorPickerForLanguage.swift; sourceTree = "<group>"; };
/* End PBXFileReference section */

/* Begin PBXFrameworksBuildPhase section */
		505F307F21135665000B61FE /* Frameworks */ = {
			isa = PBXFrameworksBuildPhase;
			buildActionMask = 2147483647;
			files = (
				505F30992113580E000B61FE /* RealmSwift.framework in Frameworks */,
				505F309B21135812000B61FE /* Realm.framework in Frameworks */,
				505F309E21135CFC000B61FE /* Apollo.framework in Frameworks */,
			);
			runOnlyForDeploymentPostprocessing = 0;
		};
/* End PBXFrameworksBuildPhase section */

/* Begin PBXGroup section */
		505F307921135665000B61FE = {
			isa = PBXGroup;
			children = (
				505F308421135665000B61FE /* GitHub */,
				505F308321135665000B61FE /* Products */,
				505F30972113580E000B61FE /* Frameworks */,
			);
			sourceTree = "<group>";
		};
		505F308321135665000B61FE /* Products */ = {
			isa = PBXGroup;
			children = (
				505F308221135665000B61FE /* GitHub.app */,
			);
			name = Products;
			sourceTree = "<group>";
		};
		505F308421135665000B61FE /* GitHub */ = {
			isa = PBXGroup;
			children = (
				505F30C721136B9F000B61FE /* API.swift */,
				505F308521135665000B61FE /* AppDelegate.swift */,
				505F30CE21136D08000B61FE /* Views */,
				505F30CD21136CF4000B61FE /* View Cells */,
				505F30CC21136CCE000B61FE /* View Controllers */,
				505F30AA21136938000B61FE /* Queries */,
				505F30CB21136CB0000B61FE /* Models */,
				505F30C921136C83000B61FE /* Helper Files */,
				505F30CF21136D4B000B61FE /* Storyboards */,
				505F308C21135665000B61FE /* Assets.xcassets */,
				505F309121135665000B61FE /* Info.plist */,
			);
			path = GitHub;
			sourceTree = "<group>";
		};
		505F30972113580E000B61FE /* Frameworks */ = {
			isa = PBXGroup;
			children = (
				505F309D21135CFC000B61FE /* Apollo.framework */,
				505F309A21135812000B61FE /* Realm.framework */,
				505F30982113580E000B61FE /* RealmSwift.framework */,
			);
			name = Frameworks;
			sourceTree = "<group>";
		};
		505F30AA21136938000B61FE /* Queries */ = {
			isa = PBXGroup;
			children = (
				505F30A521135F17000B61FE /* PullRequestViewController.graphql */,
				505F30A421135F14000B61FE /* UserViewController.graphql */,
				505F30A621135F1A000B61FE /* PullRequestsViewController.graphql */,
			);
			path = Queries;
			sourceTree = "<group>";
		};
		505F30C921136C83000B61FE /* Helper Files */ = {
			isa = PBXGroup;
			children = (
				505F30D621138236000B61FE /* ColorPickerForLanguage.swift */,
				505F30AD21136A14000B61FE /* UserViewController+GraphQLClient.swift */,
				505F30D2211373BD000B61FE /* RepositoryViewController+GraphQLClient.swift */,
			);
			path = "Helper Files";
			sourceTree = "<group>";
		};
		505F30CB21136CB0000B61FE /* Models */ = {
			isa = PBXGroup;
			children = (
				505F30BB21136AE0000B61FE /* Repository.swift */,
				505F30BD21136AFF000B61FE /* PullRequest.swift */,
				505F30BF21136B1B000B61FE /* RealmRepository.swift */,
				505F30C121136B2F000B61FE /* RealmPullRequest.swift */,
				505F30C321136B4B000B61FE /* LastDownloadedRepositoryID.swift */,
				505F30C521136B65000B61FE /* LastDownloadedPullReuqestID.swift */,
			);
			path = Models;
			sourceTree = "<group>";
		};
		505F30CC21136CCE000B61FE /* View Controllers */ = {
			isa = PBXGroup;
			children = (
				505F308721135665000B61FE /* UserViewController.swift */,
				505F30B721136AAD000B61FE /* RepositoryViewController.swift */,
				505F30B921136AC5000B61FE /* PullRequestViewController.swift */,
			);
			path = "View Controllers";
			sourceTree = "<group>";
		};
		505F30CD21136CF4000B61FE /* View Cells */ = {
			isa = PBXGroup;
			children = (
				505F30B121136A5B000B61FE /* RepositoryViewCell.swift */,
				505F30B321136A6C000B61FE /* HeaderViewCell.swift */,
				505F30B521136A87000B61FE /* PullRequestViewCell.swift */,
				505F30D021136D79000B61FE /* LoadingViewCell.swift */,
			);
			path = "View Cells";
			sourceTree = "<group>";
		};
		505F30CE21136D08000B61FE /* Views */ = {
			isa = PBXGroup;
			children = (
				505F30D421138218000B61FE /* PullRequestView.swift */,
			);
			path = Views;
			sourceTree = "<group>";
		};
		505F30CF21136D4B000B61FE /* Storyboards */ = {
			isa = PBXGroup;
			children = (
				505F308921135665000B61FE /* Main.storyboard */,
				505F308E21135665000B61FE /* LaunchScreen.storyboard */,
			);
			path = Storyboards;
			sourceTree = "<group>";
		};
/* End PBXGroup section */

/* Begin PBXNativeTarget section */
		505F308121135665000B61FE /* GitHub */ = {
			isa = PBXNativeTarget;
			buildConfigurationList = 505F309421135665000B61FE /* Build configuration list for PBXNativeTarget "GitHub" */;
			buildPhases = (
				505F309F21135D09000B61FE /* Generate Apollo GraphQL API */,
				505F307E21135665000B61FE /* Sources */,
				505F307F21135665000B61FE /* Frameworks */,
				505F308021135665000B61FE /* Resources */,
				505F309C2113581E000B61FE /* Copy Frameworks */,
			);
			buildRules = (
			);
			dependencies = (
			);
			name = GitHub;
			productName = GitHub;
			productReference = 505F308221135665000B61FE /* GitHub.app */;
			productType = "com.apple.product-type.application";
		};
/* End PBXNativeTarget section */

/* Begin PBXProject section */
		505F307A21135665000B61FE /* Project object */ = {
			isa = PBXProject;
			attributes = {
				LastSwiftUpdateCheck = 0930;
				LastUpgradeCheck = 0930;
				ORGANIZATIONNAME = com.MobilePic;
				TargetAttributes = {
					505F308121135665000B61FE = {
						CreatedOnToolsVersion = 9.3.1;
					};
				};
			};
			buildConfigurationList = 505F307D21135665000B61FE /* Build configuration list for PBXProject "GitHub" */;
			compatibilityVersion = "Xcode 9.3";
			developmentRegion = en;
			hasScannedForEncodings = 0;
			knownRegions = (
				en,
				Base,
			);
			mainGroup = 505F307921135665000B61FE;
			productRefGroup = 505F308321135665000B61FE /* Products */;
			projectDirPath = "";
			projectRoot = "";
			targets = (
				505F308121135665000B61FE /* GitHub */,
			);
		};
/* End PBXProject section */

/* Begin PBXResourcesBuildPhase section */
		505F308021135665000B61FE /* Resources */ = {
			isa = PBXResourcesBuildPhase;
			buildActionMask = 2147483647;
			files = (
				505F309021135665000B61FE /* LaunchScreen.storyboard in Resources */,
				505F30A921135F1A000B61FE /* PullRequestsViewController.graphql in Resources */,
				505F30A721135F1A000B61FE /* UserViewController.graphql in Resources */,
				505F308D21135665000B61FE /* Assets.xcassets in Resources */,
				505F30A821135F1A000B61FE /* PullRequestViewController.graphql in Resources */,
				505F308B21135665000B61FE /* Main.storyboard in Resources */,
			);
			runOnlyForDeploymentPostprocessing = 0;
		};
/* End PBXResourcesBuildPhase section */

/* Begin PBXShellScriptBuildPhase section */
		505F309C2113581E000B61FE /* Copy Frameworks */ = {
			isa = PBXShellScriptBuildPhase;
			buildActionMask = 2147483647;
			files = (
			);
			inputPaths = (
				"$(SRCROOT)/Carthage/Build/iOS/Realm.framework",
				"$(SRCROOT)/Carthage/Build/iOS/RealmSwift.framework",
				"$(SRCROOT)/Carthage/Build/iOS/Apollo.framework",
			);
			name = "Copy Frameworks";
			outputPaths = (
			);
			runOnlyForDeploymentPostprocessing = 0;
			shellPath = /bin/sh;
			shellScript = "/usr/local/bin/carthage copy-frameworks";
		};
		505F309F21135D09000B61FE /* Generate Apollo GraphQL API */ = {
			isa = PBXShellScriptBuildPhase;
			buildActionMask = 2147483647;
			files = (
			);
			inputPaths = (
			);
			name = "Generate Apollo GraphQL API";
			outputPaths = (
			);
			runOnlyForDeploymentPostprocessing = 0;
			shellPath = /bin/sh;
			shellScript = "APOLLO_FRAMEWORK_PATH=\"$(eval find $FRAMEWORK_SEARCH_PATHS -name \"Apollo.framework\" -maxdepth 1)\"\n\nif [ -z \"$APOLLO_FRAMEWORK_PATH\" ]; then\necho \"error: Couldn't find Apollo.framework in FRAMEWORK_SEARCH_PATHS; make sure to add the framework to your project.\"\nexit 1\nfi\n\ncd \"${SRCROOT}/${TARGET_NAME}\"\n$APOLLO_FRAMEWORK_PATH/check-and-run-apollo-cli.sh codegen:generate --queries=\"$(find . -name '*.graphql')\" --schema=schema.json API.swift";
		};
/* End PBXShellScriptBuildPhase section */

/* Begin PBXSourcesBuildPhase section */
		505F307E21135665000B61FE /* Sources */ = {
			isa = PBXSourcesBuildPhase;
			buildActionMask = 2147483647;
			files = (
				505F30B221136A5B000B61FE /* RepositoryViewCell.swift in Sources */,
				505F30B421136A6C000B61FE /* HeaderViewCell.swift in Sources */,
				505F30AE21136A14000B61FE /* UserViewController+GraphQLClient.swift in Sources */,
				505F30B821136AAD000B61FE /* RepositoryViewController.swift in Sources */,
				505F30BC21136AE0000B61FE /* Repository.swift in Sources */,
				505F30D121136D79000B61FE /* LoadingViewCell.swift in Sources */,
				505F30D3211373BD000B61FE /* RepositoryViewController+GraphQLClient.swift in Sources */,
				505F30BE21136AFF000B61FE /* PullRequest.swift in Sources */,
				505F30C021136B1B000B61FE /* RealmRepository.swift in Sources */,
				505F30B621136A87000B61FE /* PullRequestViewCell.swift in Sources */,
				505F30D721138236000B61FE /* ColorPickerForLanguage.swift in Sources */,
				505F308821135665000B61FE /* UserViewController.swift in Sources */,
				505F308621135665000B61FE /* AppDelegate.swift in Sources */,
				505F30C621136B65000B61FE /* LastDownloadedPullReuqestID.swift in Sources */,
				505F30C221136B2F000B61FE /* RealmPullRequest.swift in Sources */,
				505F30C421136B4B000B61FE /* LastDownloadedRepositoryID.swift in Sources */,
				505F30D521138218000B61FE /* PullRequestView.swift in Sources */,
				505F30C821136B9F000B61FE /* API.swift in Sources */,
				505F30BA21136AC6000B61FE /* PullRequestViewController.swift in Sources */,
			);
			runOnlyForDeploymentPostprocessing = 0;
		};
/* End PBXSourcesBuildPhase section */

/* Begin PBXVariantGroup section */
		505F308921135665000B61FE /* Main.storyboard */ = {
			isa = PBXVariantGroup;
			children = (
				505F308A21135665000B61FE /* Base */,
			);
			name = Main.storyboard;
			sourceTree = "<group>";
		};
		505F308E21135665000B61FE /* LaunchScreen.storyboard */ = {
			isa = PBXVariantGroup;
			children = (
				505F308F21135665000B61FE /* Base */,
			);
			name = LaunchScreen.storyboard;
			sourceTree = "<group>";
		};
/* End PBXVariantGroup section */

/* Begin XCBuildConfiguration section */
		505F309221135665000B61FE /* Debug */ = {
			isa = XCBuildConfiguration;
			buildSettings = {
				ALWAYS_SEARCH_USER_PATHS = NO;
				CLANG_ANALYZER_NONNULL = YES;
				CLANG_ANALYZER_NUMBER_OBJECT_CONVERSION = YES_AGGRESSIVE;
				CLANG_CXX_LANGUAGE_STANDARD = "gnu++14";
				CLANG_CXX_LIBRARY = "libc++";
				CLANG_ENABLE_MODULES = YES;
				CLANG_ENABLE_OBJC_ARC = YES;
				CLANG_ENABLE_OBJC_WEAK = YES;
				CLANG_WARN_BLOCK_CAPTURE_AUTORELEASING = YES;
				CLANG_WARN_BOOL_CONVERSION = YES;
				CLANG_WARN_COMMA = YES;
				CLANG_WARN_CONSTANT_CONVERSION = YES;
				CLANG_WARN_DEPRECATED_OBJC_IMPLEMENTATIONS = YES;
				CLANG_WARN_DIRECT_OBJC_ISA_USAGE = YES_ERROR;
				CLANG_WARN_DOCUMENTATION_COMMENTS = YES;
				CLANG_WARN_EMPTY_BODY = YES;
				CLANG_WARN_ENUM_CONVERSION = YES;
				CLANG_WARN_INFINITE_RECURSION = YES;
				CLANG_WARN_INT_CONVERSION = YES;
				CLANG_WARN_NON_LITERAL_NULL_CONVERSION = YES;
				CLANG_WARN_OBJC_IMPLICIT_RETAIN_SELF = YES;
				CLANG_WARN_OBJC_LITERAL_CONVERSION = YES;
				CLANG_WARN_OBJC_ROOT_CLASS = YES_ERROR;
				CLANG_WARN_RANGE_LOOP_ANALYSIS = YES;
				CLANG_WARN_STRICT_PROTOTYPES = YES;
				CLANG_WARN_SUSPICIOUS_MOVE = YES;
				CLANG_WARN_UNGUARDED_AVAILABILITY = YES_AGGRESSIVE;
				CLANG_WARN_UNREACHABLE_CODE = YES;
				CLANG_WARN__DUPLICATE_METHOD_MATCH = YES;
				CODE_SIGN_IDENTITY = "iPhone Developer";
				COPY_PHASE_STRIP = NO;
				DEBUG_INFORMATION_FORMAT = dwarf;
				ENABLE_STRICT_OBJC_MSGSEND = YES;
				ENABLE_TESTABILITY = YES;
				GCC_C_LANGUAGE_STANDARD = gnu11;
				GCC_DYNAMIC_NO_PIC = NO;
				GCC_NO_COMMON_BLOCKS = YES;
				GCC_OPTIMIZATION_LEVEL = 0;
				GCC_PREPROCESSOR_DEFINITIONS = (
					"DEBUG=1",
					"$(inherited)",
				);
				GCC_WARN_64_TO_32_BIT_CONVERSION = YES;
				GCC_WARN_ABOUT_RETURN_TYPE = YES_ERROR;
				GCC_WARN_UNDECLARED_SELECTOR = YES;
				GCC_WARN_UNINITIALIZED_AUTOS = YES_AGGRESSIVE;
				GCC_WARN_UNUSED_FUNCTION = YES;
				GCC_WARN_UNUSED_VARIABLE = YES;
				IPHONEOS_DEPLOYMENT_TARGET = 11.3;
				MTL_ENABLE_DEBUG_INFO = YES;
				ONLY_ACTIVE_ARCH = YES;
				SDKROOT = iphoneos;
				SWIFT_ACTIVE_COMPILATION_CONDITIONS = DEBUG;
				SWIFT_OPTIMIZATION_LEVEL = "-Onone";
			};
			name = Debug;
		};
		505F309321135665000B61FE /* Release */ = {
			isa = XCBuildConfiguration;
			buildSettings = {
				ALWAYS_SEARCH_USER_PATHS = NO;
				CLANG_ANALYZER_NONNULL = YES;
				CLANG_ANALYZER_NUMBER_OBJECT_CONVERSION = YES_AGGRESSIVE;
				CLANG_CXX_LANGUAGE_STANDARD = "gnu++14";
				CLANG_CXX_LIBRARY = "libc++";
				CLANG_ENABLE_MODULES = YES;
				CLANG_ENABLE_OBJC_ARC = YES;
				CLANG_ENABLE_OBJC_WEAK = YES;
				CLANG_WARN_BLOCK_CAPTURE_AUTORELEASING = YES;
				CLANG_WARN_BOOL_CONVERSION = YES;
				CLANG_WARN_COMMA = YES;
				CLANG_WARN_CONSTANT_CONVERSION = YES;
				CLANG_WARN_DEPRECATED_OBJC_IMPLEMENTATIONS = YES;
				CLANG_WARN_DIRECT_OBJC_ISA_USAGE = YES_ERROR;
				CLANG_WARN_DOCUMENTATION_COMMENTS = YES;
				CLANG_WARN_EMPTY_BODY = YES;
				CLANG_WARN_ENUM_CONVERSION = YES;
				CLANG_WARN_INFINITE_RECURSION = YES;
				CLANG_WARN_INT_CONVERSION = YES;
				CLANG_WARN_NON_LITERAL_NULL_CONVERSION = YES;
				CLANG_WARN_OBJC_IMPLICIT_RETAIN_SELF = YES;
				CLANG_WARN_OBJC_LITERAL_CONVERSION = YES;
				CLANG_WARN_OBJC_ROOT_CLASS = YES_ERROR;
				CLANG_WARN_RANGE_LOOP_ANALYSIS = YES;
				CLANG_WARN_STRICT_PROTOTYPES = YES;
				CLANG_WARN_SUSPICIOUS_MOVE = YES;
				CLANG_WARN_UNGUARDED_AVAILABILITY = YES_AGGRESSIVE;
				CLANG_WARN_UNREACHABLE_CODE = YES;
				CLANG_WARN__DUPLICATE_METHOD_MATCH = YES;
				CODE_SIGN_IDENTITY = "iPhone Developer";
				COPY_PHASE_STRIP = NO;
				DEBUG_INFORMATION_FORMAT = "dwarf-with-dsym";
				ENABLE_NS_ASSERTIONS = NO;
				ENABLE_STRICT_OBJC_MSGSEND = YES;
				GCC_C_LANGUAGE_STANDARD = gnu11;
				GCC_NO_COMMON_BLOCKS = YES;
				GCC_WARN_64_TO_32_BIT_CONVERSION = YES;
				GCC_WARN_ABOUT_RETURN_TYPE = YES_ERROR;
				GCC_WARN_UNDECLARED_SELECTOR = YES;
				GCC_WARN_UNINITIALIZED_AUTOS = YES_AGGRESSIVE;
				GCC_WARN_UNUSED_FUNCTION = YES;
				GCC_WARN_UNUSED_VARIABLE = YES;
				IPHONEOS_DEPLOYMENT_TARGET = 11.3;
				MTL_ENABLE_DEBUG_INFO = NO;
				SDKROOT = iphoneos;
				SWIFT_COMPILATION_MODE = wholemodule;
				SWIFT_OPTIMIZATION_LEVEL = "-O";
				VALIDATE_PRODUCT = YES;
			};
			name = Release;
		};
		505F309521135665000B61FE /* Debug */ = {
			isa = XCBuildConfiguration;
			buildSettings = {
				ASSETCATALOG_COMPILER_APPICON_NAME = AppIcon;
				CODE_SIGN_STYLE = Automatic;
				DEVELOPMENT_TEAM = D5V9DEDBX9;
				FRAMEWORK_SEARCH_PATHS = (
					"$(inherited)",
					"$(PROJECT_DIR)/Carthage/Build/iOS",
				);
				INFOPLIST_FILE = GitHub/Info.plist;
				IPHONEOS_DEPLOYMENT_TARGET = 11.0;
				LD_RUNPATH_SEARCH_PATHS = (
					"$(inherited)",
					"@executable_path/Frameworks",
				);
				PRODUCT_BUNDLE_IDENTIFIER = MobilePic.GitHub;
				PRODUCT_NAME = "$(TARGET_NAME)";
				SWIFT_VERSION = 4.0;
				TARGETED_DEVICE_FAMILY = 1;
			};
			name = Debug;
		};
		505F309621135665000B61FE /* Release */ = {
			isa = XCBuildConfiguration;
			buildSettings = {
				ASSETCATALOG_COMPILER_APPICON_NAME = AppIcon;
				CODE_SIGN_STYLE = Automatic;
				DEVELOPMENT_TEAM = D5V9DEDBX9;
				FRAMEWORK_SEARCH_PATHS = (
					"$(inherited)",
					"$(PROJECT_DIR)/Carthage/Build/iOS",
				);
				INFOPLIST_FILE = GitHub/Info.plist;
				IPHONEOS_DEPLOYMENT_TARGET = 11.0;
				LD_RUNPATH_SEARCH_PATHS = (
					"$(inherited)",
					"@executable_path/Frameworks",
				);
				PRODUCT_BUNDLE_IDENTIFIER = MobilePic.GitHub;
				PRODUCT_NAME = "$(TARGET_NAME)";
				SWIFT_VERSION = 4.0;
				TARGETED_DEVICE_FAMILY = 1;
			};
			name = Release;
		};
/* End XCBuildConfiguration section */

/* Begin XCConfigurationList section */
		505F307D21135665000B61FE /* Build configuration list for PBXProject "GitHub" */ = {
			isa = XCConfigurationList;
			buildConfigurations = (
				505F309221135665000B61FE /* Debug */,
				505F309321135665000B61FE /* Release */,
			);
			defaultConfigurationIsVisible = 0;
			defaultConfigurationName = Release;
		};
		505F309421135665000B61FE /* Build configuration list for PBXNativeTarget "GitHub" */ = {
			isa = XCConfigurationList;
			buildConfigurations = (
				505F309521135665000B61FE /* Debug */,
				505F309621135665000B61FE /* Release */,
			);
			defaultConfigurationIsVisible = 0;
			defaultConfigurationName = Release;
		};
/* End XCConfigurationList section */
	};
	rootObject = 505F307A21135665000B61FE /* Project object */;
}
